
Microsoft Visual Studio Solution File, Format Version 12.00
# Visual Studio Version 17
VisualStudioVersion = 17.4.33205.214
MinimumVisualStudioVersion = 10.0.40219.1
Project("{9A19103F-16F7-4668-BE54-9A1E7A4F7556}") = "FaceRecognition", "FaceRecognition\FaceRecognition.csproj", "{5A0BC217-FD48-464A-A8BC-F89B0796722B}"
EndProject
Project("{9A19103F-16F7-4668-BE54-9A1E7A4F7556}") = "FaceRecognition.SBGP", "FaceRecognition.SBGP\FaceRecognition.SBGP.csproj", "{31CC40F1-579D-4D52-BB6A-37B7A954B75E}"
EndProject
Global
	GlobalSection(SolutionConfigurationPlatforms) = preSolution
		Debug|Any CPU = Debug|Any CPU
		Release|Any CPU = Release|Any CPU
	EndGlobalSection
	GlobalSection(ProjectConfigurationPlatforms) = postSolution
		{5A0BC217-FD48-464A-A8BC-F89B0796722B}.Debug|Any CPU.ActiveCfg = Debug|Any CPU
		{5A0BC217-FD48-464A-A8BC-F89B0796722B}.Debug|Any CPU.Build.0 = Debug|Any CPU
		{5A0BC217-FD48-464A-A8BC-F89B0796722B}.Release|Any CPU.ActiveCfg = Release|Any CPU
		{5A0BC217-FD48-464A-A8BC-F89B0796722B}.Release|Any CPU.Build.0 = Release|Any CPU
		{31CC40F1-579D-4D52-BB6A-37B7A954B75E}.Debug|Any CPU.ActiveCfg = Debug|Any CPU
		{31CC40F1-579D-4D52-BB6A-37B7A954B75E}.Debug|Any CPU.Build.0 = Debug|Any CPU
		{31CC40F1-579D-4D52-BB6A-37B7A954B75E}.Release|Any CPU.ActiveCfg = Release|Any CPU
		{31CC40F1-579D-4D52-BB6A-37B7A954B75E}.Release|Any CPU.Build.0 = Release|Any CPU
	EndGlobalSection
	GlobalSection(SolutionProperties) = preSolution
		HideSolutionNode = FALSE
	EndGlobalSection
	GlobalSection(ExtensibilityGlobals) = postSolution
		SolutionGuid = {127A7A32-728C-4216-BA8F-B11074DDB19F}
	EndGlobalSection
EndGlobal
